
Microsoft Visual Studio Solution File, Format Version 12.00
# Visual Studio Version 16
VisualStudioVersion = 16.0.30523.141
MinimumVisualStudioVersion = 10.0.40219.1
Project("{FAE04EC0-301F-11D3-BF4B-00C04F79EFBC}") = "SingleSelectableButtonPanelSample", "SingleSelectableButtonPanelSample\SingleSelectableButtonPanelSample.csproj", "{B2890A75-91E4-4F69-8D5A-F0FCE6447653}"
EndProject
Global
	GlobalSection(SolutionConfigurationPlatforms) = preSolution
		Debug|Any CPU = Debug|Any CPU
		Release|Any CPU = Release|Any CPU
	EndGlobalSection
	GlobalSection(ProjectConfigurationPlatforms) = postSolution
		{B2890A75-91E4-4F69-8D5A-F0FCE6447653}.Debug|Any CPU.ActiveCfg = Debug|Any CPU
		{B2890A75-91E4-4F69-8D5A-F0FCE6447653}.Debug|Any CPU.Build.0 = Debug|Any CPU
		{B2890A75-91E4-4F69-8D5A-F0FCE6447653}.Release|Any CPU.ActiveCfg = Release|Any CPU
		{B2890A75-91E4-4F69-8D5A-F0FCE6447653}.Release|Any CPU.Build.0 = Release|Any CPU
	EndGlobalSection
	GlobalSection(SolutionProperties) = preSolution
		HideSolutionNode = FALSE
	EndGlobalSection
	GlobalSection(ExtensibilityGlobals) = postSolution
		SolutionGuid = {E379EA7B-BD2F-4E8F-AE1F-6776572059F9}
	EndGlobalSection
EndGlobal
